
Microsoft Visual Studio Solution File, Format Version 12.00
# Visual Studio Version 16
VisualStudioVersion = 16.0.32630.194
MinimumVisualStudioVersion = 10.0.40219.1
Project("{FAE04EC0-301F-11D3-BF4B-00C04F79EFBC}") = "BeesApplication", "BeesApplication\BeesApplication.csproj", "{FBCB3193-2440-429A-856C-2DDB4FF4A73C}"
EndProject
Global
	GlobalSection(SolutionConfigurationPlatforms) = preSolution
		Debug|Any CPU = Debug|Any CPU
		Release|Any CPU = Release|Any CPU
	EndGlobalSection
	GlobalSection(ProjectConfigurationPlatforms) = postSolution
		{FBCB3193-2440-429A-856C-2DDB4FF4A73C}.Debug|Any CPU.ActiveCfg = Debug|Any CPU
		{FBCB3193-2440-429A-856C-2DDB4FF4A73C}.Debug|Any CPU.Build.0 = Debug|Any CPU
		{FBCB3193-2440-429A-856C-2DDB4FF4A73C}.Release|Any CPU.ActiveCfg = Release|Any CPU
		{FBCB3193-2440-429A-856C-2DDB4FF4A73C}.Release|Any CPU.Build.0 = Release|Any CPU
	EndGlobalSection
	GlobalSection(SolutionProperties) = preSolution
		HideSolutionNode = FALSE
	EndGlobalSection
	GlobalSection(ExtensibilityGlobals) = postSolution
		SolutionGuid = {F63D7587-251D-42EC-AE94-31B1E8B0AC5D}
	EndGlobalSection
EndGlobal
